
Microsoft Visual Studio Solution File, Format Version 12.00
# Visual Studio Version 16
VisualStudioVersion = 16.0.29728.190
MinimumVisualStudioVersion = 10.0.40219.1
Project("{FAE04EC0-301F-11D3-BF4B-00C04F79EFBC}") = "kals", "kals\kals.csproj", "{0C87EA62-F707-49F0-8933-938ACD543D77}"
EndProject
Global
	GlobalSection(SolutionConfigurationPlatforms) = preSolution
		Debug|Any CPU = Debug|Any CPU
		Release|Any CPU = Release|Any CPU
	EndGlobalSection
	GlobalSection(ProjectConfigurationPlatforms) = postSolution
		{0C87EA62-F707-49F0-8933-938ACD543D77}.Debug|Any CPU.ActiveCfg = Debug|Any CPU
		{0C87EA62-F707-49F0-8933-938ACD543D77}.Debug|Any CPU.Build.0 = Debug|Any CPU
		{0C87EA62-F707-49F0-8933-938ACD543D77}.Release|Any CPU.ActiveCfg = Release|Any CPU
		{0C87EA62-F707-49F0-8933-938ACD543D77}.Release|Any CPU.Build.0 = Release|Any CPU
	EndGlobalSection
	GlobalSection(SolutionProperties) = preSolution
		HideSolutionNode = FALSE
	EndGlobalSection
	GlobalSection(ExtensibilityGlobals) = postSolution
		SolutionGuid = {07A62672-71BA-487F-9B90-8646A59A97A3}
	EndGlobalSection
EndGlobal
